
Microsoft Visual Studio Solution File, Format Version 12.00
# Visual Studio Version 17
VisualStudioVersion = 17.14.36408.4 d17.14
MinimumVisualStudioVersion = 10.0.40219.1
Project("{FAE04EC0-301F-11D3-BF4B-00C04F79EFBC}") = "utility", "utility.csproj", "{D91B3A43-8705-4F80-98AE-6CBA378947A9}"
EndProject
Global
	GlobalSection(SolutionConfigurationPlatforms) = preSolution
		Debug|Any CPU = Debug|Any CPU
		Release|Any CPU = Release|Any CPU
	EndGlobalSection
	GlobalSection(ProjectConfigurationPlatforms) = postSolution
		{D91B3A43-8705-4F80-98AE-6CBA378947A9}.Debug|Any CPU.ActiveCfg = Debug|Any CPU
		{D91B3A43-8705-4F80-98AE-6CBA378947A9}.Debug|Any CPU.Build.0 = Debug|Any CPU
		{D91B3A43-8705-4F80-98AE-6CBA378947A9}.Release|Any CPU.ActiveCfg = Release|Any CPU
		{D91B3A43-8705-4F80-98AE-6CBA378947A9}.Release|Any CPU.Build.0 = Release|Any CPU
	EndGlobalSection
	GlobalSection(SolutionProperties) = preSolution
		HideSolutionNode = FALSE
	EndGlobalSection
	GlobalSection(ExtensibilityGlobals) = postSolution
		SolutionGuid = {7D19E229-59E0-4D49-B43C-99800722BB78}
	EndGlobalSection
EndGlobal
